// !$*UTF8*$!
{
	archiveVersion = 1;
	classes = {
	};
	objectVersion = 50;
	objects = {

/* Begin PBXBuildFile section */
		1DFD49882642E0580009D052 /* AppDelegate.swift in Sources */ = {isa = PBXBuildFile; fileRef = 1DFD49872642E0580009D052 /* AppDelegate.swift */; };
		1DFD498A2642E0580009D052 /* SceneDelegate.swift in Sources */ = {isa = PBXBuildFile; fileRef = 1DFD49892642E0580009D052 /* SceneDelegate.swift */; };
		1DFD498C2642E0580009D052 /* SearchViewController.swift in Sources */ = {isa = PBXBuildFile; fileRef = 1DFD498B2642E0580009D052 /* SearchViewController.swift */; };
		1DFD498F2642E0580009D052 /* Main.storyboard in Resources */ = {isa = PBXBuildFile; fileRef = 1DFD498D2642E0580009D052 /* Main.storyboard */; };
		1DFD49912642E05B0009D052 /* Assets.xcassets in Resources */ = {isa = PBXBuildFile; fileRef = 1DFD49902642E05B0009D052 /* Assets.xcassets */; };
		1DFD49942642E05B0009D052 /* LaunchScreen.storyboard in Resources */ = {isa = PBXBuildFile; fileRef = 1DFD49922642E05B0009D052 /* LaunchScreen.storyboard */; };
		1DFD49A52642E1B10009D052 /* SearchCollectionViewCell.swift in Sources */ = {isa = PBXBuildFile; fileRef = 1DFD49A42642E1B10009D052 /* SearchCollectionViewCell.swift */; };
		1DFD49B12642EA790009D052 /* Extensions.swift in Sources */ = {isa = PBXBuildFile; fileRef = 1DFD49B02642EA790009D052 /* Extensions.swift */; };
		5D15EAF86D31F66F028C839D /* Pods_RxGIF.framework in Frameworks */ = {isa = PBXBuildFile; fileRef = 99EEF5A392D082F9DCA5BDEF /* Pods_RxGIF.framework */; };
/* End PBXBuildFile section */

/* Begin PBXFileReference section */
		1DFD49842642E0580009D052 /* RxGIF.app */ = {isa = PBXFileReference; explicitFileType = wrapper.application; includeInIndex = 0; path = RxGIF.app; sourceTree = BUILT_PRODUCTS_DIR; };
		1DFD49872642E0580009D052 /* AppDelegate.swift */ = {isa = PBXFileReference; lastKnownFileType = sourcecode.swift; path = AppDelegate.swift; sourceTree = "<group>"; };
		1DFD49892642E0580009D052 /* SceneDelegate.swift */ = {isa = PBXFileReference; lastKnownFileType = sourcecode.swift; path = SceneDelegate.swift; sourceTree = "<group>"; };
		1DFD498B2642E0580009D052 /* SearchViewController.swift */ = {isa = PBXFileReference; lastKnownFileType = sourcecode.swift; path = SearchViewController.swift; sourceTree = "<group>"; };
		1DFD498E2642E0580009D052 /* Base */ = {isa = PBXFileReference; lastKnownFileType = file.storyboard; name = Base; path = Base.lproj/Main.storyboard; sourceTree = "<group>"; };
		1DFD49902642E05B0009D052 /* Assets.xcassets */ = {isa = PBXFileReference; lastKnownFileType = folder.assetcatalog; path = Assets.xcassets; sourceTree = "<group>"; };
		1DFD49932642E05B0009D052 /* Base */ = {isa = PBXFileReference; lastKnownFileType = file.storyboard; name = Base; path = Base.lproj/LaunchScreen.storyboard; sourceTree = "<group>"; };
		1DFD49952642E05B0009D052 /* Info.plist */ = {isa = PBXFileReference; lastKnownFileType = text.plist.xml; path = Info.plist; sourceTree = "<group>"; };
		1DFD49A42642E1B10009D052 /* SearchCollectionViewCell.swift */ = {isa = PBXFileReference; lastKnownFileType = sourcecode.swift; path = SearchCollectionViewCell.swift; sourceTree = "<group>"; };
		1DFD49B02642EA790009D052 /* Extensions.swift */ = {isa = PBXFileReference; lastKnownFileType = sourcecode.swift; path = Extensions.swift; sourceTree = "<group>"; };
		99EEF5A392D082F9DCA5BDEF /* Pods_RxGIF.framework */ = {isa = PBXFileReference; explicitFileType = wrapper.framework; includeInIndex = 0; path = Pods_RxGIF.framework; sourceTree = BUILT_PRODUCTS_DIR; };
		C717224880F92BCA28901726 /* Pods-RxGIF.release.xcconfig */ = {isa = PBXFileReference; includeInIndex = 1; lastKnownFileType = text.xcconfig; name = "Pods-RxGIF.release.xcconfig"; path = "Target Support Files/Pods-RxGIF/Pods-RxGIF.release.xcconfig"; sourceTree = "<group>"; };
		D9260D7A1000C78459CE81BD /* Pods-RxGIF.debug.xcconfig */ = {isa = PBXFileReference; includeInIndex = 1; lastKnownFileType = text.xcconfig; name = "Pods-RxGIF.debug.xcconfig"; path = "Target Support Files/Pods-RxGIF/Pods-RxGIF.debug.xcconfig"; sourceTree = "<group>"; };
/* End PBXFileReference section */

/* Begin PBXFrameworksBuildPhase section */
		1DFD49812642E0580009D052 /* Frameworks */ = {
			isa = PBXFrameworksBuildPhase;
			buildActionMask = 2147483647;
			files = (
				5D15EAF86D31F66F028C839D /* Pods_RxGIF.framework in Frameworks */,
			);
			runOnlyForDeploymentPostprocessing = 0;
		};
/* End PBXFrameworksBuildPhase section */

/* Begin PBXGroup section */
		12199B9AB2DD29A9B5B2B7B9 /* Frameworks */ = {
			isa = PBXGroup;
			children = (
				99EEF5A392D082F9DCA5BDEF /* Pods_RxGIF.framework */,
			);
			name = Frameworks;
			sourceTree = "<group>";
		};
		1DFD497B2642E0580009D052 = {
			isa = PBXGroup;
			children = (
				1DFD49862642E0580009D052 /* RxGIF */,
				1DFD49852642E0580009D052 /* Products */,
				222398FE36870809ECA81744 /* Pods */,
				12199B9AB2DD29A9B5B2B7B9 /* Frameworks */,
			);
			sourceTree = "<group>";
		};
		1DFD49852642E0580009D052 /* Products */ = {
			isa = PBXGroup;
			children = (
				1DFD49842642E0580009D052 /* RxGIF.app */,
			);
			name = Products;
			sourceTree = "<group>";
		};
		1DFD49862642E0580009D052 /* RxGIF */ = {
			isa = PBXGroup;
			children = (
				1DFD49AF2642EA6F0009D052 /* Utils */,
				1DFD49A12642E1490009D052 /* App */,
				1DFD499F2642E13F0009D052 /* Model */,
				1DFD499E2642E1330009D052 /* View */,
				1DFD499D2642E12E0009D052 /* ViewModel */,
				1DFD499C2642E1290009D052 /* ViewController */,
				1DFD49952642E05B0009D052 /* Info.plist */,
			);
			path = RxGIF;
			sourceTree = "<group>";
		};
		1DFD499C2642E1290009D052 /* ViewController */ = {
			isa = PBXGroup;
			children = (
				1DFD498B2642E0580009D052 /* SearchViewController.swift */,
			);
			path = ViewController;
			sourceTree = "<group>";
		};
		1DFD499D2642E12E0009D052 /* ViewModel */ = {
			isa = PBXGroup;
			children = (
			);
			path = ViewModel;
			sourceTree = "<group>";
		};
		1DFD499E2642E1330009D052 /* View */ = {
			isa = PBXGroup;
			children = (
				1DFD49A42642E1B10009D052 /* SearchCollectionViewCell.swift */,
			);
			path = View;
			sourceTree = "<group>";
		};
		1DFD499F2642E13F0009D052 /* Model */ = {
			isa = PBXGroup;
			children = (
			);
			path = Model;
			sourceTree = "<group>";
		};
		1DFD49A12642E1490009D052 /* App */ = {
			isa = PBXGroup;
			children = (
				1DFD49892642E0580009D052 /* SceneDelegate.swift */,
				1DFD498D2642E0580009D052 /* Main.storyboard */,
				1DFD49902642E05B0009D052 /* Assets.xcassets */,
				1DFD49922642E05B0009D052 /* LaunchScreen.storyboard */,
				1DFD49872642E0580009D052 /* AppDelegate.swift */,
			);
			path = App;
			sourceTree = "<group>";
		};
		1DFD49AF2642EA6F0009D052 /* Utils */ = {
			isa = PBXGroup;
			children = (
				1DFD49B02642EA790009D052 /* Extensions.swift */,
			);
			path = Utils;
			sourceTree = "<group>";
		};
		222398FE36870809ECA81744 /* Pods */ = {
			isa = PBXGroup;
			children = (
				D9260D7A1000C78459CE81BD /* Pods-RxGIF.debug.xcconfig */,
				C717224880F92BCA28901726 /* Pods-RxGIF.release.xcconfig */,
			);
			name = Pods;
			path = Pods;
			sourceTree = "<group>";
		};
/* End PBXGroup section */

/* Begin PBXNativeTarget section */
		1DFD49832642E0580009D052 /* RxGIF */ = {
			isa = PBXNativeTarget;
			buildConfigurationList = 1DFD49982642E05B0009D052 /* Build configuration list for PBXNativeTarget "RxGIF" */;
			buildPhases = (
				D22A777BCE046E77276AF091 /* [CP] Check Pods Manifest.lock */,
				1DFD49802642E0580009D052 /* Sources */,
				1DFD49812642E0580009D052 /* Frameworks */,
				1DFD49822642E0580009D052 /* Resources */,
				F145A46D79839FE250134EC6 /* [CP] Embed Pods Frameworks */,
			);
			buildRules = (
			);
			dependencies = (
			);
			name = RxGIF;
			productName = RxGIF;
			productReference = 1DFD49842642E0580009D052 /* RxGIF.app */;
			productType = "com.apple.product-type.application";
		};
/* End PBXNativeTarget section */

/* Begin PBXProject section */
		1DFD497C2642E0580009D052 /* Project object */ = {
			isa = PBXProject;
			attributes = {
				LastSwiftUpdateCheck = 1240;
				LastUpgradeCheck = 1240;
				TargetAttributes = {
					1DFD49832642E0580009D052 = {
						CreatedOnToolsVersion = 12.4;
					};
				};
			};
			buildConfigurationList = 1DFD497F2642E0580009D052 /* Build configuration list for PBXProject "RxGIF" */;
			compatibilityVersion = "Xcode 9.3";
			developmentRegion = en;
			hasScannedForEncodings = 0;
			knownRegions = (
				en,
				Base,
			);
			mainGroup = 1DFD497B2642E0580009D052;
			productRefGroup = 1DFD49852642E0580009D052 /* Products */;
			projectDirPath = "";
			projectRoot = "";
			targets = (
				1DFD49832642E0580009D052 /* RxGIF */,
			);
		};
/* End PBXProject section */

/* Begin PBXResourcesBuildPhase section */
		1DFD49822642E0580009D052 /* Resources */ = {
			isa = PBXResourcesBuildPhase;
			buildActionMask = 2147483647;
			files = (
				1DFD49942642E05B0009D052 /* LaunchScreen.storyboard in Resources */,
				1DFD49912642E05B0009D052 /* Assets.xcassets in Resources */,
				1DFD498F2642E0580009D052 /* Main.storyboard in Resources */,
			);
			runOnlyForDeploymentPostprocessing = 0;
		};
/* End PBXResourcesBuildPhase section */

/* Begin PBXShellScriptBuildPhase section */
		D22A777BCE046E77276AF091 /* [CP] Check Pods Manifest.lock */ = {
			isa = PBXShellScriptBuildPhase;
			buildActionMask = 2147483647;
			files = (
			);
			inputFileListPaths = (
			);
			inputPaths = (
				"${PODS_PODFILE_DIR_PATH}/Podfile.lock",
				"${PODS_ROOT}/Manifest.lock",
			);
			name = "[CP] Check Pods Manifest.lock";
			outputFileListPaths = (
			);
			outputPaths = (
				"$(DERIVED_FILE_DIR)/Pods-RxGIF-checkManifestLockResult.txt",
			);
			runOnlyForDeploymentPostprocessing = 0;
			shellPath = /bin/sh;
			shellScript = "diff \"${PODS_PODFILE_DIR_PATH}/Podfile.lock\" \"${PODS_ROOT}/Manifest.lock\" > /dev/null\nif [ $? != 0 ] ; then\n    # print error to STDERR\n    echo \"error: The sandbox is not in sync with the Podfile.lock. Run 'pod install' or update your CocoaPods installation.\" >&2\n    exit 1\nfi\n# This output is used by Xcode 'outputs' to avoid re-running this script phase.\necho \"SUCCESS\" > \"${SCRIPT_OUTPUT_FILE_0}\"\n";
			showEnvVarsInLog = 0;
		};
		F145A46D79839FE250134EC6 /* [CP] Embed Pods Frameworks */ = {
			isa = PBXShellScriptBuildPhase;
			buildActionMask = 2147483647;
			files = (
			);
			inputFileListPaths = (
				"${PODS_ROOT}/Target Support Files/Pods-RxGIF/Pods-RxGIF-frameworks-${CONFIGURATION}-input-files.xcfilelist",
			);
			name = "[CP] Embed Pods Frameworks";
			outputFileListPaths = (
				"${PODS_ROOT}/Target Support Files/Pods-RxGIF/Pods-RxGIF-frameworks-${CONFIGURATION}-output-files.xcfilelist",
			);
			runOnlyForDeploymentPostprocessing = 0;
			shellPath = /bin/sh;
			shellScript = "\"${PODS_ROOT}/Target Support Files/Pods-RxGIF/Pods-RxGIF-frameworks.sh\"\n";
			showEnvVarsInLog = 0;
		};
/* End PBXShellScriptBuildPhase section */

/* Begin PBXSourcesBuildPhase section */
		1DFD49802642E0580009D052 /* Sources */ = {
			isa = PBXSourcesBuildPhase;
			buildActionMask = 2147483647;
			files = (
				1DFD49B12642EA790009D052 /* Extensions.swift in Sources */,
				1DFD498C2642E0580009D052 /* SearchViewController.swift in Sources */,
				1DFD49882642E0580009D052 /* AppDelegate.swift in Sources */,
				1DFD498A2642E0580009D052 /* SceneDelegate.swift in Sources */,
				1DFD49A52642E1B10009D052 /* SearchCollectionViewCell.swift in Sources */,
			);
			runOnlyForDeploymentPostprocessing = 0;
		};
/* End PBXSourcesBuildPhase section */

/* Begin PBXVariantGroup section */
		1DFD498D2642E0580009D052 /* Main.storyboard */ = {
			isa = PBXVariantGroup;
			children = (
				1DFD498E2642E0580009D052 /* Base */,
			);
			name = Main.storyboard;
			sourceTree = "<group>";
		};
		1DFD49922642E05B0009D052 /* LaunchScreen.storyboard */ = {
			isa = PBXVariantGroup;
			children = (
				1DFD49932642E05B0009D052 /* Base */,
			);
			name = LaunchScreen.storyboard;
			sourceTree = "<group>";
		};
/* End PBXVariantGroup section */

/* Begin XCBuildConfiguration section */
		1DFD49962642E05B0009D052 /* Debug */ = {
			isa = XCBuildConfiguration;
			buildSettings = {
				ALWAYS_SEARCH_USER_PATHS = NO;
				CLANG_ANALYZER_NONNULL = YES;
				CLANG_ANALYZER_NUMBER_OBJECT_CONVERSION = YES_AGGRESSIVE;
				CLANG_CXX_LANGUAGE_STANDARD = "gnu++14";
				CLANG_CXX_LIBRARY = "libc++";
				CLANG_ENABLE_MODULES = YES;
				CLANG_ENABLE_OBJC_ARC = YES;
				CLANG_ENABLE_OBJC_WEAK = YES;
				CLANG_WARN_BLOCK_CAPTURE_AUTORELEASING = YES;
				CLANG_WARN_BOOL_CONVERSION = YES;
				CLANG_WARN_COMMA = YES;
				CLANG_WARN_CONSTANT_CONVERSION = YES;
				CLANG_WARN_DEPRECATED_OBJC_IMPLEMENTATIONS = YES;
				CLANG_WARN_DIRECT_OBJC_ISA_USAGE = YES_ERROR;
				CLANG_WARN_DOCUMENTATION_COMMENTS = YES;
				CLANG_WARN_EMPTY_BODY = YES;
				CLANG_WARN_ENUM_CONVERSION = YES;
				CLANG_WARN_INFINITE_RECURSION = YES;
				CLANG_WARN_INT_CONVERSION = YES;
				CLANG_WARN_NON_LITERAL_NULL_CONVERSION = YES;
				CLANG_WARN_OBJC_IMPLICIT_RETAIN_SELF = YES;
				CLANG_WARN_OBJC_LITERAL_CONVERSION = YES;
				CLANG_WARN_OBJC_ROOT_CLASS = YES_ERROR;
				CLANG_WARN_QUOTED_INCLUDE_IN_FRAMEWORK_HEADER = YES;
				CLANG_WARN_RANGE_LOOP_ANALYSIS = YES;
				CLANG_WARN_STRICT_PROTOTYPES = YES;
				CLANG_WARN_SUSPICIOUS_MOVE = YES;
				CLANG_WARN_UNGUARDED_AVAILABILITY = YES_AGGRESSIVE;
				CLANG_WARN_UNREACHABLE_CODE = YES;
				CLANG_WARN__DUPLICATE_METHOD_MATCH = YES;
				COPY_PHASE_STRIP = NO;
				DEBUG_INFORMATION_FORMAT = dwarf;
				ENABLE_STRICT_OBJC_MSGSEND = YES;
				ENABLE_TESTABILITY = YES;
				GCC_C_LANGUAGE_STANDARD = gnu11;
				GCC_DYNAMIC_NO_PIC = NO;
				GCC_NO_COMMON_BLOCKS = YES;
				GCC_OPTIMIZATION_LEVEL = 0;
				GCC_PREPROCESSOR_DEFINITIONS = (
					"DEBUG=1",
					"$(inherited)",
				);
				GCC_WARN_64_TO_32_BIT_CONVERSION = YES;
				GCC_WARN_ABOUT_RETURN_TYPE = YES_ERROR;
				GCC_WARN_UNDECLARED_SELECTOR = YES;
				GCC_WARN_UNINITIALIZED_AUTOS = YES_AGGRESSIVE;
				GCC_WARN_UNUSED_FUNCTION = YES;
				GCC_WARN_UNUSED_VARIABLE = YES;
				IPHONEOS_DEPLOYMENT_TARGET = 14.4;
				MTL_ENABLE_DEBUG_INFO = INCLUDE_SOURCE;
				MTL_FAST_MATH = YES;
				ONLY_ACTIVE_ARCH = YES;
				SDKROOT = iphoneos;
				SWIFT_ACTIVE_COMPILATION_CONDITIONS = DEBUG;
				SWIFT_OPTIMIZATION_LEVEL = "-Onone";
			};
			name = Debug;
		};
		1DFD49972642E05B0009D052 /* Release */ = {
			isa = XCBuildConfiguration;
			buildSettings = {
				ALWAYS_SEARCH_USER_PATHS = NO;
				CLANG_ANALYZER_NONNULL = YES;
				CLANG_ANALYZER_NUMBER_OBJECT_CONVERSION = YES_AGGRESSIVE;
				CLANG_CXX_LANGUAGE_STANDARD = "gnu++14";
				CLANG_CXX_LIBRARY = "libc++";
				CLANG_ENABLE_MODULES = YES;
				CLANG_ENABLE_OBJC_ARC = YES;
				CLANG_ENABLE_OBJC_WEAK = YES;
				CLANG_WARN_BLOCK_CAPTURE_AUTORELEASING = YES;
				CLANG_WARN_BOOL_CONVERSION = YES;
				CLANG_WARN_COMMA = YES;
				CLANG_WARN_CONSTANT_CONVERSION = YES;
				CLANG_WARN_DEPRECATED_OBJC_IMPLEMENTATIONS = YES;
				CLANG_WARN_DIRECT_OBJC_ISA_USAGE = YES_ERROR;
				CLANG_WARN_DOCUMENTATION_COMMENTS = YES;
				CLANG_WARN_EMPTY_BODY = YES;
				CLANG_WARN_ENUM_CONVERSION = YES;
				CLANG_WARN_INFINITE_RECURSION = YES;
				CLANG_WARN_INT_CONVERSION = YES;
				CLANG_WARN_NON_LITERAL_NULL_CONVERSION = YES;
				CLANG_WARN_OBJC_IMPLICIT_RETAIN_SELF = YES;
				CLANG_WARN_OBJC_LITERAL_CONVERSION = YES;
				CLANG_WARN_OBJC_ROOT_CLASS = YES_ERROR;
				CLANG_WARN_QUOTED_INCLUDE_IN_FRAMEWORK_HEADER = YES;
				CLANG_WARN_RANGE_LOOP_ANALYSIS = YES;
				CLANG_WARN_STRICT_PROTOTYPES = YES;
				CLANG_WARN_SUSPICIOUS_MOVE = YES;
				CLANG_WARN_UNGUARDED_AVAILABILITY = YES_AGGRESSIVE;
				CLANG_WARN_UNREACHABLE_CODE = YES;
				CLANG_WARN__DUPLICATE_METHOD_MATCH = YES;
				COPY_PHASE_STRIP = NO;
				DEBUG_INFORMATION_FORMAT = "dwarf-with-dsym";
				ENABLE_NS_ASSERTIONS = NO;
				ENABLE_STRICT_OBJC_MSGSEND = YES;
				GCC_C_LANGUAGE_STANDARD = gnu11;
				GCC_NO_COMMON_BLOCKS = YES;
				GCC_WARN_64_TO_32_BIT_CONVERSION = YES;
				GCC_WARN_ABOUT_RETURN_TYPE = YES_ERROR;
				GCC_WARN_UNDECLARED_SELECTOR = YES;
				GCC_WARN_UNINITIALIZED_AUTOS = YES_AGGRESSIVE;
				GCC_WARN_UNUSED_FUNCTION = YES;
				GCC_WARN_UNUSED_VARIABLE = YES;
				IPHONEOS_DEPLOYMENT_TARGET = 14.4;
				MTL_ENABLE_DEBUG_INFO = NO;
				MTL_FAST_MATH = YES;
				SDKROOT = iphoneos;
				SWIFT_COMPILATION_MODE = wholemodule;
				SWIFT_OPTIMIZATION_LEVEL = "-O";
				VALIDATE_PRODUCT = YES;
			};
			name = Release;
		};
		1DFD49992642E05B0009D052 /* Debug */ = {
			isa = XCBuildConfiguration;
			baseConfigurationReference = D9260D7A1000C78459CE81BD /* Pods-RxGIF.debug.xcconfig */;
			buildSettings = {
				ASSETCATALOG_COMPILER_APPICON_NAME = AppIcon;
				ASSETCATALOG_COMPILER_GLOBAL_ACCENT_COLOR_NAME = AccentColor;
				CODE_SIGN_STYLE = Automatic;
				DEVELOPMENT_TEAM = 5HZQ3M82FA;
				INFOPLIST_FILE = RxGIF/Info.plist;
				LD_RUNPATH_SEARCH_PATHS = (
					"$(inherited)",
					"@executable_path/Frameworks",
				);
				PRODUCT_BUNDLE_IDENTIFIER = Seunghun.RxGIF;
				PRODUCT_NAME = "$(TARGET_NAME)";
				SWIFT_VERSION = 5.0;
				TARGETED_DEVICE_FAMILY = "1,2";
			};
			name = Debug;
		};
		1DFD499A2642E05B0009D052 /* Release */ = {
			isa = XCBuildConfiguration;
			baseConfigurationReference = C717224880F92BCA28901726 /* Pods-RxGIF.release.xcconfig */;
			buildSettings = {
				ASSETCATALOG_COMPILER_APPICON_NAME = AppIcon;
				ASSETCATALOG_COMPILER_GLOBAL_ACCENT_COLOR_NAME = AccentColor;
				CODE_SIGN_STYLE = Automatic;
				DEVELOPMENT_TEAM = 5HZQ3M82FA;
				INFOPLIST_FILE = RxGIF/Info.plist;
				LD_RUNPATH_SEARCH_PATHS = (
					"$(inherited)",
					"@executable_path/Frameworks",
				);
				PRODUCT_BUNDLE_IDENTIFIER = Seunghun.RxGIF;
				PRODUCT_NAME = "$(TARGET_NAME)";
				SWIFT_VERSION = 5.0;
				TARGETED_DEVICE_FAMILY = "1,2";
			};
			name = Release;
		};
/* End XCBuildConfiguration section */

/* Begin XCConfigurationList section */
		1DFD497F2642E0580009D052 /* Build configuration list for PBXProject "RxGIF" */ = {
			isa = XCConfigurationList;
			buildConfigurations = (
				1DFD49962642E05B0009D052 /* Debug */,
				1DFD49972642E05B0009D052 /* Release */,
			);
			defaultConfigurationIsVisible = 0;
			defaultConfigurationName = Release;
		};
		1DFD49982642E05B0009D052 /* Build configuration list for PBXNativeTarget "RxGIF" */ = {
			isa = XCConfigurationList;
			buildConfigurations = (
				1DFD49992642E05B0009D052 /* Debug */,
				1DFD499A2642E05B0009D052 /* Release */,
			);
			defaultConfigurationIsVisible = 0;
			defaultConfigurationName = Release;
		};
/* End XCConfigurationList section */
	};
	rootObject = 1DFD497C2642E0580009D052 /* Project object */;
}
